
Microsoft Visual Studio Solution File, Format Version 12.00
# Visual Studio Version 17
VisualStudioVersion = 17.2.32505.173
MinimumVisualStudioVersion = 10.0.40219.1
Project("{FAE04EC0-301F-11D3-BF4B-00C04F79EFBC}") = "MvcMovie", "MvcMovie\MvcMovie.csproj", "{821EF2AF-B4F3-4B85-AB48-77907DCD41A7}"
EndProject
Global
	GlobalSection(SolutionConfigurationPlatforms) = preSolution
		Debug|Any CPU = Debug|Any CPU
		Release|Any CPU = Release|Any CPU
	EndGlobalSection
	GlobalSection(ProjectConfigurationPlatforms) = postSolution
		{821EF2AF-B4F3-4B85-AB48-77907DCD41A7}.Debug|Any CPU.ActiveCfg = Debug|Any CPU
		{821EF2AF-B4F3-4B85-AB48-77907DCD41A7}.Debug|Any CPU.Build.0 = Debug|Any CPU
		{821EF2AF-B4F3-4B85-AB48-77907DCD41A7}.Release|Any CPU.ActiveCfg = Release|Any CPU
		{821EF2AF-B4F3-4B85-AB48-77907DCD41A7}.Release|Any CPU.Build.0 = Release|Any CPU
	EndGlobalSection
	GlobalSection(SolutionProperties) = preSolution
		HideSolutionNode = FALSE
	EndGlobalSection
	GlobalSection(ExtensibilityGlobals) = postSolution
		SolutionGuid = {2377C730-16D9-496F-B69F-90D27B1CD084}
	EndGlobalSection
EndGlobal
